
Microsoft Visual Studio Solution File, Format Version 12.00
# Visual Studio Version 17
VisualStudioVersion = 17.6.33712.159
MinimumVisualStudioVersion = 10.0.40219.1
Project("{FAE04EC0-301F-11D3-BF4B-00C04F79EFBC}") = "NewNewProject", "NewNewProject.csproj", "{4BCE7D5C-3196-4262-9F76-D7114C7F0B2B}"
EndProject
Global
	GlobalSection(SolutionConfigurationPlatforms) = preSolution
		Debug|Any CPU = Debug|Any CPU
		Release|Any CPU = Release|Any CPU
	EndGlobalSection
	GlobalSection(ProjectConfigurationPlatforms) = postSolution
		{4BCE7D5C-3196-4262-9F76-D7114C7F0B2B}.Debug|Any CPU.ActiveCfg = Debug|Any CPU
		{4BCE7D5C-3196-4262-9F76-D7114C7F0B2B}.Debug|Any CPU.Build.0 = Debug|Any CPU
		{4BCE7D5C-3196-4262-9F76-D7114C7F0B2B}.Release|Any CPU.ActiveCfg = Release|Any CPU
		{4BCE7D5C-3196-4262-9F76-D7114C7F0B2B}.Release|Any CPU.Build.0 = Release|Any CPU
	EndGlobalSection
	GlobalSection(SolutionProperties) = preSolution
		HideSolutionNode = FALSE
	EndGlobalSection
	GlobalSection(ExtensibilityGlobals) = postSolution
		SolutionGuid = {D437292A-048D-44FA-936D-14CBF4089FDB}
	EndGlobalSection
EndGlobal
